version = 1
revision = 3
requires-python = "==3.12.*"

[[package]]
name = "autosar-tooling"
version = "0.1.0"
source = { editable = "." }

[package.dev-dependencies]
automotive = [
    { name = "et-xmlfile" },
    { name = "openpyxl" },
]
quality = [
    { name = "clang-format" },
    { name = "lxml" },
    { name = "ruff" },
]

[package.metadata]

[package.metadata.requires-dev]
automotive = [
    { name = "et-xmlfile", specifier = "==2.0.0" },
    { name = "openpyxl", specifier = "==3.1.5" },
]
quality = [
    { name = "clang-format", specifier = "==23.1.1" },
    { name = "lxml", specifier = "==5.4.0" },
    { name = "ruff", specifier = "==0.16.9" },
]

[[package]]
name = "clang-format"
version = "23.1.1"
source = { registry = "https://pypi.org/simple" }
sdist = { url = "https://files.pythonhosted.org/packages/01/5b/50e0d309817837c872544459ae508307669987605fd336f8acc8e1b4ed1c/clang_format-23.1.1.tar.gz", hash = "sha256:0cd866591d6cce31a6bf4b216a5810be3893cec1ad8213b746f21f5bee6d18bb", size = 11507, upload-time = "2026-09-10T20:01:45.651Z" }
wheels = [
    { url = "https://files.pythonhosted.org/packages/45/a3/e45ab75ae0fbe8f90a637af146978d1ef3799c26252163a8068b19a46e03/clang_format-23.1.1-py2.py3-none-macosx_10_9_x86_64.whl", hash = "sha256:8f8ea1e02f7cab8dace82a0d56733e532ffc3e6e41e658edc28261029e94c499", size = 1565088, upload-time = "2026-09-10T20:01:11.199Z" },
    { url = "https://files.pythonhosted.org/packages/29/da/f354b637650ae04854d9096c252d08f03ccda7044b1f005861a4ddba28cf/clang_format-23.1.1-py2.py3-none-macosx_11_0_arm64.whl", hash = "sha256:d64a1788759c4cbc08a0aca21dd2bd38605c0758543aa15b8c0636508f0ebae7", size = 1552401, upload-time = "2026-09-10T20:01:13.168Z" },
    { url = "https://files.pythonhosted.org/packages/0e/b6/1a162e427d912b88653a66e99a22414d798eb885b761ffddb74dbc13963f/clang_format-23.1.1-py2.py3-none-manylinux_2_26_aarch64.manylinux_2_28_aarch64.whl", hash = "sha256:09af54d2ef51680b34e36ed71b9f510bd399fb7b10b29a2a40843cd0e0344228", size = 1820695, upload-time = "2026-09-10T20:01:14.752Z" },
    { url = "https://files.pythonhosted.org/packages/18/6f/c4b0520fb413632828a86a1ba1ed4629e7f80ac59b403b77a7baa7c2fd79/clang_format-23.1.1-py2.py3-none-manylinux_2_26_i686.manylinux_2_28_i686.whl", hash = "sha256:965c8bd87cabb26942a336bceb99186a2de6874a7d3f734e540090e634195726", size = 1954912, upload-time = "2026-09-10T20:01:16.265Z" },
    { url = "https://files.pythonhosted.org/packages/f1/4b/70cc4a70e48ed4f992851e96da53a94dfed806179e2e6100f3a133268f4b/clang_format-23.1.1-py2.py3-none-manylinux_2_26_ppc64le.manylinux_2_28_ppc64le.whl", hash = "sha256:29a70106390a32ec552591e73fec4d9b3c892668fe28fe5c2c47bf68d550fe55", size = 2192254, upload-time = "2026-09-10T20:01:18.065Z" },
    { url = "https://files.pythonhosted.org/packages/70/e6/7b1a41605228a6b58e670fc1ede2728a93a230906833bd1242eb0b2f0b8d/clang_format-23.1.1-py2.py3-none-manylinux_2_26_s390x.manylinux_2_28_s390x.whl", hash = "sha256:f965f1e50de06cb86af8ac23d55748b87876c12e7a156a53ec4417d91a6fe656", size = 2161167, upload-time = "2026-09-10T20:01:19.672Z" },
    { url = "https://files.pythonhosted.org/packages/42/ef/3f8e215916e79ecd435b5bc20810443f80fce3fb8bbfe6d2783ceb775c1b/clang_format-23.1.1-py2.py3-none-manylinux_2_27_x86_64.manylinux_2_28_x86_64.whl", hash = "sha256:64900462c1203cee2fec364536c2dda708baf0619e15b52ceda926648cc82f56", size = 1906937, upload-time = "2026-09-10T20:01:22.175Z" },
    { url = "https://files.pythonhosted.org/packages/6f/4f/69fb11c496fbdad0924ba82ed45c631a3842bc26a6ad766070d8784e771d/clang_format-23.1.1-py2.py3-none-manylinux_2_31_armv7l.whl", hash = "sha256:8b2e286c8e7070609fbfbd511aed54ba2906a9a348237ba54b3fcab278c6eb78", size = 1738549, upload-time = "2026-09-10T20:01:23.671Z" },
    { url = "https://files.pythonhosted.org/packages/a7/e7/d4127a650065cc67322026be76a7ce2efe4635e61d9151f6cc0a58668871/clang_format-23.1.1-py2.py3-none-musllinux_1_2_aarch64.whl", hash = "sha256:64edd9e43e1c6065239056ea1d8f091aa551379dd96ee311f9b1a973cabfcdde", size = 2802121, upload-time = "2026-09-10T20:01:25.449Z" },
    { url = "https://files.pythonhosted.org/packages/7b/0f/705db2b7aab2c87e0f06a1fe9fcbb4828df6c9c944bfddc9f9f8422f05d7/clang_format-23.1.1-py2.py3-none-musllinux_1_2_armv7l.whl", hash = "sha256:a401297fe45f04ae0152f6b5f4c372ad602830be524c2e69469d700abdee1637", size = 2579878, upload-time = "2026-09-10T20:01:28.294Z" },
    { url = "https://files.pythonhosted.org/packages/bf/e7/055d26ea53be9cb4ebecc98714deda9d16beed991c314e86b46955cac7e4/clang_format-23.1.1-py2.py3-none-musllinux_1_2_i686.whl", hash = "sha256:68521e74541e34f4a299b82f07735981bb3bce4b0d455ce7a60beb8d9ab4decc", size = 3057059, upload-time = "2026-09-10T20:01:30.36Z" },
    { url = "https://files.pythonhosted.org/packages/bd/79/f23bb5c9f17e6464e86ca3bc1dbcd11705fd620a69d0379465cb4f4f6b98/clang_format-23.1.1-py2.py3-none-musllinux_1_2_ppc64le.whl", hash = "sha256:b71734b64d7b7ec7d4e4e167a67b34d0462dd83de5aa74af5de3af3a9d7546de", size = 3247248, upload-time = "2026-09-10T20:01:32.187Z" },
    { url = "https://files.pythonhosted.org/packages/eb/64/4fb8cfeb3ec6f3ed30a4ac9a36d8c7cc245cf48964a92272227e578331e3/clang_format-23.1.1-py2.py3-none-musllinux_1_2_s390x.whl", hash = "sha256:6d896cd6c6b32dc31a16c9ba0714e1ea4c0359719552462d12aef80a8e45dcb3", size = 3285967, upload-time = "2026-09-10T20:01:33.986Z" },
    { url = "https://files.pythonhosted.org/packages/67/d0/6507318b8c3d3175066d02ba8322de2724b352c8df5153b4e512fba7de28/clang_format-23.1.1-py2.py3-none-musllinux_1_2_x86_64.whl", hash = "sha256:f351726f4706aea605225978484986386167edafa3f85a467bad4a44bfdfa97f", size = 2919375, upload-time = "2026-09-10T20:01:36.331Z" },
    { url = "https://files.pythonhosted.org/packages/fc/b4/7c5f597be1df0db958294e53b375ca606fbbc4a741725e938cf187739d15/clang_format-23.1.1-py2.py3-none-win32.whl", hash = "sha256:8109e5d13028987912f4477c43afcefa242a016a4212b8ed34dc10395177448b", size = 1363769, upload-time = "2026-09-10T20:01:38.563Z" },
    { url = "https://files.pythonhosted.org/packages/4e/98/bcf1d46d62b63f92e8ee513dc2c3caa5c3168206af3785ada76ce994c96b/clang_format-23.1.1-py2.py3-none-win_amd64.whl", hash = "sha256:eaf3075d7e2bf477c150c6d53bfff040eca851365c0429a06b9bec0de65186d5", size = 1537558, upload-time = "2026-09-10T20:01:40.921Z" },
    { url = "https://files.pythonhosted.org/packages/90/4c/3ae3671f91d181bfda6148c684c3514c878767c0fbbb3793d4d804103d3a/clang_format-23.1.1-py2.py3-none-win_arm64.whl", hash = "sha256:7f81856d845b6274b888d0d5f51a1f819f38f080a5b9637a38873f6e0e2cde3b", size = 1411230, upload-time = "2026-09-10T20:01:43.106Z" },
]

[[package]]
name = "et-xmlfile"
version = "2.0.0"
source = { registry = "https://pypi.org/simple" }
sdist = { url = "https://files.pythonhosted.org/packages/d3/38/af70d7ab1ae9d4da450eeec1fa3918940a5fafb9055e934af8d6eb0c2313/et_xmlfile-2.0.0.tar.gz", hash = "sha256:dab3f4764309081ce75662649be815c4c9081e88f0837825f90fd28317d4da54", size = 17234, upload-time = "2024-10-25T17:25:40.039Z" }
wheels = [
    { url = "https://files.pythonhosted.org/packages/c1/8b/5fe2cc11fee489817272089c4203e679c63b570a5aaeb18d852ae3cbba6a/et_xmlfile-2.0.0-py3-none-any.whl", hash = "sha256:7a91720bc756843502c3b7504c77b8fe44217c85c537d85037f0f536151b2caa", size = 18059, upload-time = "2024-10-25T17:25:39.051Z" },
]

[[package]]
name = "lxml"
version = "5.4.0"
source = { registry = "https://pypi.org/simple" }
sdist = { url = "https://files.pythonhosted.org/packages/76/3d/14e82fc7c8fb1b7761f7e748fd47e2ec8276d137b6acfe5a4bb73853e08f/lxml-5.4.0.tar.gz", hash = "sha256:d12832e1dbea4be280b22fd0ea7c9b87f0d8fc51ba06e92dc62d52f804f78ebd", size = 3679479, upload-time = "2025-04-23T01:50:29.322Z" }
wheels = [
    { url = "https://files.pythonhosted.org/packages/f8/4c/d101ace719ca6a4ec043eb516fcfcb1b396a9fccc4fcd9ef593df34ba0d5/lxml-5.4.0-cp312-cp312-macosx_10_9_universal2.whl", hash = "sha256:b5aff6f3e818e6bdbbb38e5967520f174b18f539c2b9de867b1e7fde6f8d95a4", size = 8127392, upload-time = "2025-04-23T01:46:04.09Z" },
    { url = "https://files.pythonhosted.org/packages/11/84/beddae0cec4dd9ddf46abf156f0af451c13019a0fa25d7445b655ba5ccb7/lxml-5.4.0-cp312-cp312-macosx_10_9_x86_64.whl", hash = "sha256:942a5d73f739ad7c452bf739a62a0f83e2578afd6b8e5406308731f4ce78b16d", size = 4415103, upload-time = "2025-04-23T01:46:07.227Z" },
    { url = "https://files.pythonhosted.org/packages/d0/25/d0d93a4e763f0462cccd2b8a665bf1e4343dd788c76dcfefa289d46a38a9/lxml-5.4.0-cp312-cp312-manylinux_2_12_i686.manylinux2010_i686.manylinux_2_17_i686.manylinux2014_i686.whl", hash = "sha256:460508a4b07364d6abf53acaa0a90b6d370fafde5693ef37602566613a9b0779", size = 5024224, upload-time = "2025-04-23T01:46:10.237Z" },
    { url = "https://files.pythonhosted.org/packages/31/ce/1df18fb8f7946e7f3388af378b1f34fcf253b94b9feedb2cec5969da8012/lxml-5.4.0-cp312-cp312-manylinux_2_17_aarch64.manylinux2014_aarch64.whl", hash = "sha256:529024ab3a505fed78fe3cc5ddc079464e709f6c892733e3f5842007cec8ac6e", size = 4769913, upload-time = "2025-04-23T01:46:12.757Z" },
    { url = "https://files.pythonhosted.org/packages/4e/62/f4a6c60ae7c40d43657f552f3045df05118636be1165b906d3423790447f/lxml-5.4.0-cp312-cp312-manylinux_2_17_ppc64le.manylinux2014_ppc64le.whl", hash = "sha256:7ca56ebc2c474e8f3d5761debfd9283b8b18c76c4fc0967b74aeafba1f5647f9", size = 5290441, upload-time = "2025-04-23T01:46:16.037Z" },
    { url = "https://files.pythonhosted.org/packages/9e/aa/04f00009e1e3a77838c7fc948f161b5d2d5de1136b2b81c712a263829ea4/lxml-5.4.0-cp312-cp312-manylinux_2_17_s390x.manylinux2014_s390x.whl", hash = "sha256:a81e1196f0a5b4167a8dafe3a66aa67c4addac1b22dc47947abd5d5c7a3f24b5", size = 4820165, upload-time = "2025-04-23T01:46:19.137Z" },
    { url = "https://files.pythonhosted.org/packages/c9/1f/e0b2f61fa2404bf0f1fdf1898377e5bd1b74cc9b2cf2c6ba8509b8f27990/lxml-5.4.0-cp312-cp312-manylinux_2_17_x86_64.manylinux2014_x86_64.whl", hash = "sha256:00b8686694423ddae324cf614e1b9659c2edb754de617703c3d29ff568448df5", size = 4932580, upload-time = "2025-04-23T01:46:21.963Z" },
    { url = "https://files.pythonhosted.org/packages/24/a2/8263f351b4ffe0ed3e32ea7b7830f845c795349034f912f490180d88a877/lxml-5.4.0-cp312-cp312-manylinux_2_28_aarch64.whl", hash = "sha256:c5681160758d3f6ac5b4fea370495c48aac0989d6a0f01bb9a72ad8ef5ab75c4", size = 4759493, upload-time = "2025-04-23T01:46:24.316Z" },
    { url = "https://files.pythonhosted.org/packages/05/00/41db052f279995c0e35c79d0f0fc9f8122d5b5e9630139c592a0b58c71b4/lxml-5.4.0-cp312-cp312-manylinux_2_28_ppc64le.whl", hash = "sha256:2dc191e60425ad70e75a68c9fd90ab284df64d9cd410ba8d2b641c0c45bc006e", size = 5324679, upload-time = "2025-04-23T01:46:27.097Z" },
    { url = "https://files.pythonhosted.org/packages/1d/be/ee99e6314cdef4587617d3b3b745f9356d9b7dd12a9663c5f3b5734b64ba/lxml-5.4.0-cp312-cp312-manylinux_2_28_s390x.whl", hash = "sha256:67f779374c6b9753ae0a0195a892a1c234ce8416e4448fe1e9f34746482070a7", size = 4890691, upload-time = "2025-04-23T01:46:30.009Z" },
    { url = "https://files.pythonhosted.org/packages/ad/36/239820114bf1d71f38f12208b9c58dec033cbcf80101cde006b9bde5cffd/lxml-5.4.0-cp312-cp312-manylinux_2_28_x86_64.whl", hash = "sha256:79d5bfa9c1b455336f52343130b2067164040604e41f6dc4d8313867ed540079", size = 4955075, upload-time = "2025-04-23T01:46:32.33Z" },
    { url = "https://files.pythonhosted.org/packages/d4/e1/1b795cc0b174efc9e13dbd078a9ff79a58728a033142bc6d70a1ee8fc34d/lxml-5.4.0-cp312-cp312-musllinux_1_2_aarch64.whl", hash = "sha256:3d3c30ba1c9b48c68489dc1829a6eede9873f52edca1dda900066542528d6b20", size = 4838680, upload-time = "2025-04-23T01:46:34.852Z" },
    { url = "https://files.pythonhosted.org/packages/72/48/3c198455ca108cec5ae3662ae8acd7fd99476812fd712bb17f1b39a0b589/lxml-5.4.0-cp312-cp312-musllinux_1_2_ppc64le.whl", hash = "sha256:1af80c6316ae68aded77e91cd9d80648f7dd40406cef73df841aa3c36f6907c8", size = 5391253, upload-time = "2025-04-23T01:46:37.608Z" },
    { url = "https://files.pythonhosted.org/packages/d6/10/5bf51858971c51ec96cfc13e800a9951f3fd501686f4c18d7d84fe2d6352/lxml-5.4.0-cp312-cp312-musllinux_1_2_s390x.whl", hash = "sha256:4d885698f5019abe0de3d352caf9466d5de2baded00a06ef3f1216c1a58ae78f", size = 5261651, upload-time = "2025-04-23T01:46:40.183Z" },
    { url = "https://files.pythonhosted.org/packages/2b/11/06710dd809205377da380546f91d2ac94bad9ff735a72b64ec029f706c85/lxml-5.4.0-cp312-cp312-musllinux_1_2_x86_64.whl", hash = "sha256:aea53d51859b6c64e7c51d522c03cc2c48b9b5d6172126854cc7f01aa11f52bc", size = 5024315, upload-time = "2025-04-23T01:46:43.333Z" },
    { url = "https://files.pythonhosted.org/packages/f5/b0/15b6217834b5e3a59ebf7f53125e08e318030e8cc0d7310355e6edac98ef/lxml-5.4.0-cp312-cp312-win32.whl", hash = "sha256:d90b729fd2732df28130c064aac9bb8aff14ba20baa4aee7bd0795ff1187545f", size = 3486149, upload-time = "2025-04-23T01:46:45.684Z" },
    { url = "https://files.pythonhosted.org/packages/91/1e/05ddcb57ad2f3069101611bd5f5084157d90861a2ef460bf42f45cced944/lxml-5.4.0-cp312-cp312-win_amd64.whl", hash = "sha256:1dc4ca99e89c335a7ed47d38964abcb36c5910790f9bd106f2a8fa2ee0b909d2", size = 3817095, upload-time = "2025-04-23T01:46:48.521Z" },
]

[[package]]
name = "openpyxl"
version = "3.1.5"
source = { registry = "https://pypi.org/simple" }
dependencies = [
    { name = "et-xmlfile" },
]
sdist = { url = "https://files.pythonhosted.org/packages/3d/f9/88d94a75de065ea32619465d2f77b29a0469500e99012523b91cc4141cd1/openpyxl-3.1.5.tar.gz", hash = "sha256:cf0e3cf56142039133628b5acffe8ef0c12bc902d2aadd3e0fe5878dc08d1050", size = 186464, upload-time = "2024-06-28T14:03:44.161Z" }
wheels = [
    { url = "https://files.pythonhosted.org/packages/c0/da/977ded879c29cbd04de313843e76868e6e13408a94ed6b987245dc7c8506/openpyxl-3.1.5-py2.py3-none-any.whl", hash = "sha256:5282c12b107bffeef825f4617dc029afaf41d0ea60823bbb665ef3079dc79de2", size = 250910, upload-time = "2024-06-28T14:03:41.161Z" },
]

[[package]]
name = "ruff"
version = "0.16.9"
source = { registry = "https://pypi.org/simple" }
sdist = { url = "https://files.pythonhosted.org/packages/96/bf/c935ca98e73fe8ce65b87ef08a280c0c1e85295d569228c15e87d8fdfaf1/ruff-0.16.9.tar.gz", hash = "sha256:12b625c6cfba78d285d9f48eda5f053374f1e53cb10ef17342a383750db99161", size = 4948764, upload-time = "2026-09-24T20:37:49.416Z" }
wheels = [
    { url = "https://files.pythonhosted.org/packages/0d/26/df51322b52ee1ada7eff2d071ea09d11d5c2d1dcc9f02594f5785c4d1635/ruff-0.16.9-py3-none-linux_armv6l.whl", hash = "sha256:95e6f022090368ab3b824c36276839c53b2adf1a3f4c09fefc33dfc400f6da96", size = 10082922, upload-time = "2026-09-24T20:37:13.045Z" },
    { url = "https://files.pythonhosted.org/packages/a5/27/7bf51f5a7aa375e9f339280a303aab44ca75dc1525f1cdc5991761685b0f/ruff-0.16.9-py3-none-macosx_10_12_x86_64.whl", hash = "sha256:a5f27be168556594a86d2f415db0cf43f5291917849318f873c7e2791f7a8c67", size = 10236360, upload-time = "2026-09-24T20:37:16.049Z" },
    { url = "https://files.pythonhosted.org/packages/b6/63/09659283f92f02dff45809da194a70da2f688d87c55d8875c4fae3536072/ruff-0.16.9-py3-none-macosx_11_0_arm64.whl", hash = "sha256:1632eb1d6197f33bd00b1acbc5b71009e89a8895c158e2d2b03a834fac964ab6", size = 9892940, upload-time = "2026-09-24T20:37:17.957Z" },
    { url = "https://files.pythonhosted.org/packages/24/58/98de1b72ec172f5f8f1731236fe21585b3998bf7dfe9fcc44ae9ba626012/ruff-0.16.9-py3-none-manylinux_2_17_aarch64.manylinux2014_aarch64.whl", hash = "sha256:b3f951b14d865d5952c89d40a5ca07e87abe24fa5453299878411e127748fb1c", size = 10032114, upload-time = "2026-09-24T20:37:19.942Z" },
    { url = "https://files.pythonhosted.org/packages/c8/7d/f1e17c54ab59d4bad1dce8ee3e22a7a1d0ef4745240decacdcf3832b5bb2/ruff-0.16.9-py3-none-manylinux_2_17_armv7l.manylinux2014_armv7l.whl", hash = "sha256:447fc07e1573afff7cb02803462b12b6c8ece7cf10e2cd78565fa6d7a1c0bf8d", size = 9910227, upload-time = "2026-09-24T20:37:21.872Z" },
    { url = "https://files.pythonhosted.org/packages/34/19/436f647a65075bbd3bab2668b3bdaa5120559b294694018cdcefabbbf30b/ruff-0.16.9-py3-none-manylinux_2_17_i686.manylinux2014_i686.whl", hash = "sha256:8a3e039a6a40ed976c491722b60e0ae4a4aa1a86057f540ee7a37a5d19ae9120", size = 10547484, upload-time = "2026-09-24T20:37:24.229Z" },
    { url = "https://files.pythonhosted.org/packages/03/59/38430a6bc2f6d8095447ac39625cf8b6e9344a47e6c26225c8ba1bff3ffb/ruff-0.16.9-py3-none-manylinux_2_17_ppc64le.manylinux2014_ppc64le.whl", hash = "sha256:4684dded7db60aa57cb118fa158630f5feade4af5782903b6053484bdf9bd129", size = 11412367, upload-time = "2026-09-24T20:37:26.307Z" },
    { url = "https://files.pythonhosted.org/packages/c8/bd/bbb6d7fc7f208c8b8c50dd5dc8206e4cfdb1e7a8fb852606a3adf370c880/ruff-0.16.9-py3-none-manylinux_2_17_s390x.manylinux2014_s390x.whl", hash = "sha256:d29c934357e45642fda2f34c0b1f4025b4a6c01e15e4bf0016879d60078a142c", size = 10869787, upload-time = "2026-09-24T20:37:28.35Z" },
    { url = "https://files.pythonhosted.org/packages/bc/b8/9c543074918061abbefc3bd139bee22de35abedb00dde0f2d27288838962/ruff-0.16.9-py3-none-manylinux_2_17_x86_64.manylinux2014_x86_64.whl", hash = "sha256:a21713e629d3e5bdb2f5c2def1cc7f04f47fa8e1a7eb0571b4a28e1da64bc728", size = 10406494, upload-time = "2026-09-24T20:37:30.624Z" },
    { url = "https://files.pythonhosted.org/packages/35/7a/5a8851bd146e7ccf8fd4b003f6c75c11f8fbdb0e60673b45097986b6bf41/ruff-0.16.9-py3-none-manylinux_2_31_riscv64.whl", hash = "sha256:7baa24ef5fc8e77aa93879e1d3f43754a01ae488e869f1ae30cf431afd4d2452", size = 10590083, upload-time = "2026-09-24T20:37:32.439Z" },
    { url = "https://files.pythonhosted.org/packages/87/f0/4c3467188f23f806960b46fa76575a7cd0514c9ba90562650b71efc96980/ruff-0.16.9-py3-none-musllinux_1_2_aarch64.whl", hash = "sha256:a41aac6230aadfaa133bdfa1614488531ffa3e0837567ae04c0da2058a9c0f9e", size = 10119151, upload-time = "2026-09-24T20:37:34.581Z" },
    { url = "https://files.pythonhosted.org/packages/15/34/5a4def5adea572ce6aea0bb64f21f928ee317b80e0db747d7979b01d7261/ruff-0.16.9-py3-none-musllinux_1_2_armv7l.whl", hash = "sha256:c2529fb5896d49115b0e9aa8f887490b34bbe76baf879ec2264ac59406869ce7", size = 9911544, upload-time = "2026-09-24T20:37:36.796Z" },
    { url = "https://files.pythonhosted.org/packages/62/5d/d15ebea7499eef9373318c0ee6ca127832927c6529731f6d48e18dce7ca9/ruff-0.16.9-py3-none-musllinux_1_2_i686.whl", hash = "sha256:41e3870277694177429b56406d65dfbdb2c2802c52b715edaf6a0b829c69d4ee", size = 10269884, upload-time = "2026-09-24T20:37:38.857Z" },
    { url = "https://files.pythonhosted.org/packages/d1/56/c5d3cd119ded7a3c7aba0e961b69cb3df701c91662c98ad694467d060ce1/ruff-0.16.9-py3-none-musllinux_1_2_x86_64.whl", hash = "sha256:8adbe4e58af167f767d7b2ba5e83c42e878350796cf78c2f5e14ab9903a92588", size = 10749366, upload-time = "2026-09-24T20:37:41.042Z" },
    { url = "https://files.pythonhosted.org/packages/ac/fe/734ec7527029ac757ecf821f143c9f3fcf69149c21f53a044a899b430f5a/ruff-0.16.9-py3-none-win32.whl", hash = "sha256:0e1dbc2073624dee6618d41d0098690a7244654af746704b64759e12b6b6b385", size = 10152355, upload-time = "2026-09-24T20:37:43.025Z" },
    { url = "https://files.pythonhosted.org/packages/14/21/26e4643629b3ebb44f0a06f9c9a53058d63d989415f63a9a3c28e2ee7f22/ruff-0.16.9-py3-none-win_amd64.whl", hash = "sha256:6bd40fec8cd4c8a3d4dd589bd8ad4e6320c13c29234159bfd959a40d529d597b", size = 10592965, upload-time = "2026-09-24T20:37:44.944Z" },
    { url = "https://files.pythonhosted.org/packages/51/60/5fb1a39dbb5ae314d5f59bc7348a63c1d5c20f3cd83914c4b5cb0be31d2d/ruff-0.16.9-py3-none-win_arm64.whl", hash = "sha256:ed1a252039200f57a59eebc063b54beabea67bfbaaca0eeaa7f54b5fbcda2284", size = 10458649, upload-time = "2026-09-24T20:37:46.882Z" },
]
